Microsoft Visual Studio Solution File, Format Version 12.00
# Visual Studio Version 17
VisualStudioVersion = 17.5.2.0
MinimumVisualStudioVersion = 10.0.40219.1
Project("{FAE04EC0-301F-11D3-BF4B-00C04F79EFBC}") = "launcher", "launcher\launcher.csproj", "{3751B661-BE0E-9CD7-CA51-361A34450372}"
EndProject
Project("{2150E333-8FDC-42A3-9474-1A3956D46DE8}") = "dist", "dist", "{AC15D111-0E66-69FF-AB22-C1C2B24C9B2F}"
EndProject
Project("{FAE04EC0-301F-11D3-BF4B-00C04F79EFBC}") = "launcher", "dist\launcher\launcher.csproj", "{0B5B9402-EAC5-89D9-BB8B-2C52383884C3}"
EndProject
Global
	GlobalSection(SolutionConfigurationPlatforms) = preSolution
		Debug|Any CPU = Debug|Any CPU
		Release|Any CPU = Release|Any CPU
	EndGlobalSection
	GlobalSection(ProjectConfigurationPlatforms) = postSolution
		{3751B661-BE0E-9CD7-CA51-361A34450372}.Debug|Any CPU.ActiveCfg = Debug|Any CPU
		{3751B661-BE0E-9CD7-CA51-361A34450372}.Debug|Any CPU.Build.0 = Debug|Any CPU
		{3751B661-BE0E-9CD7-CA51-361A34450372}.Release|Any CPU.ActiveCfg = Release|Any CPU
		{3751B661-BE0E-9CD7-CA51-361A34450372}.Release|Any CPU.Build.0 = Release|Any CPU
		{0B5B9402-EAC5-89D9-BB8B-2C52383884C3}.Debug|Any CPU.ActiveCfg = Debug|Any CPU
		{0B5B9402-EAC5-89D9-BB8B-2C52383884C3}.Debug|Any CPU.Build.0 = Debug|Any CPU
		{0B5B9402-EAC5-89D9-BB8B-2C52383884C3}.Release|Any CPU.ActiveCfg = Release|Any CPU
		{0B5B9402-EAC5-89D9-BB8B-2C52383884C3}.Release|Any CPU.Build.0 = Release|Any CPU
	EndGlobalSection
	GlobalSection(SolutionProperties) = preSolution
		HideSolutionNode = FALSE
	EndGlobalSection
	GlobalSection(NestedProjects) = preSolution
		{0B5B9402-EAC5-89D9-BB8B-2C52383884C3} = {AC15D111-0E66-69FF-AB22-C1C2B24C9B2F}
	EndGlobalSection
	GlobalSection(ExtensibilityGlobals) = postSolution
		SolutionGuid = {C2B4E4E0-2D80-46A5-AAD3-866F04742C4C}
	EndGlobalSection
EndGlobal
